
Microsoft Visual Studio Solution File, Format Version 12.00
# Visual Studio 15
VisualStudioVersion = 15.0.26124.0
MinimumVisualStudioVersion = 15.0.26124.0
Project("{FAE04EC0-301F-11D3-BF4B-00C04F79EFBC}") = "App.First", "App.First\App.First.csproj", "{5976E54B-F691-42A3-B22A-795EE1BC0D21}"
EndProject
Project("{FAE04EC0-301F-11D3-BF4B-00C04F79EFBC}") = "App.Second", "App.Second\App.Second.csproj", "{C613E1B5-91E0-4D1C-8C0C-0530EC901728}"
EndProject
Project("{FAE04EC0-301F-11D3-BF4B-00C04F79EFBC}") = "App.Shared", "App.Shared\App.Shared.csproj", "{2E6DD25F-7ECA-4BEA-AB99-036D1272DF47}"
EndProject
Global
	GlobalSection(SolutionConfigurationPlatforms) = preSolution
		Debug|Any CPU = Debug|Any CPU
		Debug|x64 = Debug|x64
		Debug|x86 = Debug|x86
		Release|Any CPU = Release|Any CPU
		Release|x64 = Release|x64
		Release|x86 = Release|x86
	EndGlobalSection
	GlobalSection(SolutionProperties) = preSolution
		HideSolutionNode = FALSE
	EndGlobalSection
	GlobalSection(ProjectConfigurationPlatforms) = postSolution
		{5976E54B-F691-42A3-B22A-795EE1BC0D21}.Debug|Any CPU.ActiveCfg = Debug|Any CPU
		{5976E54B-F691-42A3-B22A-795EE1BC0D21}.Debug|Any CPU.Build.0 = Debug|Any CPU
		{5976E54B-F691-42A3-B22A-795EE1BC0D21}.Debug|x64.ActiveCfg = Debug|Any CPU
		{5976E54B-F691-42A3-B22A-795EE1BC0D21}.Debug|x64.Build.0 = Debug|Any CPU
		{5976E54B-F691-42A3-B22A-795EE1BC0D21}.Debug|x86.ActiveCfg = Debug|Any CPU
		{5976E54B-F691-42A3-B22A-795EE1BC0D21}.Debug|x86.Build.0 = Debug|Any CPU
		{5976E54B-F691-42A3-B22A-795EE1BC0D21}.Release|Any CPU.ActiveCfg = Release|Any CPU
		{5976E54B-F691-42A3-B22A-795EE1BC0D21}.Release|Any CPU.Build.0 = Release|Any CPU
		{5976E54B-F691-42A3-B22A-795EE1BC0D21}.Release|x64.ActiveCfg = Release|Any CPU
		{5976E54B-F691-42A3-B22A-795EE1BC0D21}.Release|x64.Build.0 = Release|Any CPU
		{5976E54B-F691-42A3-B22A-795EE1BC0D21}.Release|x86.ActiveCfg = Release|Any CPU
		{5976E54B-F691-42A3-B22A-795EE1BC0D21}.Release|x86.Build.0 = Release|Any CPU
		{C613E1B5-91E0-4D1C-8C0C-0530EC901728}.Debug|Any CPU.ActiveCfg = Debug|Any CPU
		{C613E1B5-91E0-4D1C-8C0C-0530EC901728}.Debug|Any CPU.Build.0 = Debug|Any CPU
		{C613E1B5-91E0-4D1C-8C0C-0530EC901728}.Debug|x64.ActiveCfg = Debug|Any CPU
		{C613E1B5-91E0-4D1C-8C0C-0530EC901728}.Debug|x64.Build.0 = Debug|Any CPU
		{C613E1B5-91E0-4D1C-8C0C-0530EC901728}.Debug|x86.ActiveCfg = Debug|Any CPU
		{C613E1B5-91E0-4D1C-8C0C-0530EC901728}.Debug|x86.Build.0 = Debug|Any CPU
		{C613E1B5-91E0-4D1C-8C0C-0530EC901728}.Release|Any CPU.ActiveCfg = Release|Any CPU
		{C613E1B5-91E0-4D1C-8C0C-0530EC901728}.Release|Any CPU.Build.0 = Release|Any CPU
		{C613E1B5-91E0-4D1C-8C0C-0530EC901728}.Release|x64.ActiveCfg = Release|Any CPU
		{C613E1B5-91E0-4D1C-8C0C-0530EC901728}.Release|x64.Build.0 = Release|Any CPU
		{C613E1B5-91E0-4D1C-8C0C-0530EC901728}.Release|x86.ActiveCfg = Release|Any CPU
		{C613E1B5-91E0-4D1C-8C0C-0530EC901728}.Release|x86.Build.0 = Release|Any CPU
		{2E6DD25F-7ECA-4BEA-AB99-036D1272DF47}.Debug|Any CPU.ActiveCfg = Debug|Any CPU
		{2E6DD25F-7ECA-4BEA-AB99-036D1272DF47}.Debug|Any CPU.Build.0 = Debug|Any CPU
		{2E6DD25F-7ECA-4BEA-AB99-036D1272DF47}.Debug|x64.ActiveCfg = Debug|Any CPU
		{2E6DD25F-7ECA-4BEA-AB99-036D1272DF47}.Debug|x64.Build.0 = Debug|Any CPU
		{2E6DD25F-7ECA-4BEA-AB99-036D1272DF47}.Debug|x86.ActiveCfg = Debug|Any CPU
		{2E6DD25F-7ECA-4BEA-AB99-036D1272DF47}.Debug|x86.Build.0 = Debug|Any CPU
		{2E6DD25F-7ECA-4BEA-AB99-036D1272DF47}.Release|Any CPU.ActiveCfg = Release|Any CPU
		{2E6DD25F-7ECA-4BEA-AB99-036D1272DF47}.Release|Any CPU.Build.0 = Release|Any CPU
		{2E6DD25F-7ECA-4BEA-AB99-036D1272DF47}.Release|x64.ActiveCfg = Release|Any CPU
		{2E6DD25F-7ECA-4BEA-AB99-036D1272DF47}.Release|x64.Build.0 = Release|Any CPU
		{2E6DD25F-7ECA-4BEA-AB99-036D1272DF47}.Release|x86.ActiveCfg = Release|Any CPU
		{2E6DD25F-7ECA-4BEA-AB99-036D1272DF47}.Release|x86.Build.0 = Release|Any CPU
	EndGlobalSection
EndGlobal
